
Microsoft Visual Studio Solution File, Format Version 12.00
# Visual Studio Version 17
VisualStudioVersion = 17.5.002.0
MinimumVisualStudioVersion = 10.0.40219.1
Project("{2150E333-8FDC-42A3-9474-1A3956D46DE8}") = "csharp-prep", "csharp-prep", "{1CE0E7BB-A5E6-4711-A67A-309BAC785E83}"
EndProject
Project("{9A19103F-16F7-4668-BE54-9A1E7A4F7556}") = "Prep1", "csharp-prep\Prep1\Prep1.csproj", "{5977AD0B-0C11-4F41-BFFC-1A9F42B929A3}"
EndProject
Project("{9A19103F-16F7-4668-BE54-9A1E7A4F7556}") = "Prep2", "csharp-prep\Prep2\Prep2.csproj", "{B80233A5-800E-4A97-8D64-BBEBC1880A77}"
EndProject
Project("{9A19103F-16F7-4668-BE54-9A1E7A4F7556}") = "Prep3", "csharp-prep\Prep3\Prep3.csproj", "{40A5A049-3B80-4524-8B92-C1E1F85F99FB}"
EndProject
Project("{9A19103F-16F7-4668-BE54-9A1E7A4F7556}") = "Prep4", "csharp-prep\Prep4\Prep4.csproj", "{29B512EC-F1BF-4EE6-8AE6-4E2B06BF89EB}"
EndProject
Project("{9A19103F-16F7-4668-BE54-9A1E7A4F7556}") = "Prep5", "csharp-prep\Prep5\Prep5.csproj", "{425E9DC1-667A-4C09-A01F-06F13EEE040C}"
EndProject
Project("{2150E333-8FDC-42A3-9474-1A3956D46DE8}") = "final", "final", "{6F6206A8-E01B-444F-8824-02E5F9A58743}"
EndProject
Project("{9A19103F-16F7-4668-BE54-9A1E7A4F7556}") = "FinalProject", "final\FinalProject\FinalProject.csproj", "{116A63BA-5CB0-4A04-9588-AAD84B2BD4BF}"
EndProject
Project("{9A19103F-16F7-4668-BE54-9A1E7A4F7556}") = "Foundation1", "final\Foundation1\Foundation1.csproj", "{74F2F76B-621F-4C38-B400-F102A310D03A}"
EndProject
Project("{9A19103F-16F7-4668-BE54-9A1E7A4F7556}") = "Foundation2", "final\Foundation2\Foundation2.csproj", "{E9504A0D-BA6A-4A59-87A6-EE9C7822913A}"
EndProject
Project("{9A19103F-16F7-4668-BE54-9A1E7A4F7556}") = "Foundation3", "final\Foundation3\Foundation3.csproj", "{4FCC4A86-21DF-49D7-9B82-BDDA2EF5B39B}"
EndProject
Project("{9A19103F-16F7-4668-BE54-9A1E7A4F7556}") = "Foundation4", "final\Foundation4\Foundation4.csproj", "{F4B872AA-181D-4AF1-A263-3EC83A1FD7EF}"
EndProject
Project("{2150E333-8FDC-42A3-9474-1A3956D46DE8}") = "prepare", "prepare", "{DA5F2BFE-43B3-4ACF-B57F-E5ED211CD9F3}"
EndProject
Project("{9A19103F-16F7-4668-BE54-9A1E7A4F7556}") = "Learning02", "prepare\Learning02\Learning02.csproj", "{130736E4-8604-47C3-A938-B6EDD2766971}"
EndProject
Project("{9A19103F-16F7-4668-BE54-9A1E7A4F7556}") = "Learning03", "prepare\Learning03\Learning03.csproj", "{F1F98F83-518F-4718-A077-7E3D28E84B4B}"
EndProject
Project("{9A19103F-16F7-4668-BE54-9A1E7A4F7556}") = "Learning04", "prepare\Learning04\Learning04.csproj", "{15D407C7-7FAA-4AEF-AB6A-ADB015656C10}"
EndProject
Project("{9A19103F-16F7-4668-BE54-9A1E7A4F7556}") = "Learning05", "prepare\Learning05\Learning05.csproj", "{BD53E4F1-F8F3-4791-B265-CAB096DD9AAB}"
EndProject
Project("{2150E333-8FDC-42A3-9474-1A3956D46DE8}") = "prove", "prove", "{1FA088D2-3965-42AC-ACBB-0A3F99A4EDCA}"
EndProject
Project("{9A19103F-16F7-4668-BE54-9A1E7A4F7556}") = "Develop02", "prove\Develop02\Develop02.csproj", "{76CD190D-0AD6-4539-9290-0E54FCB204A0}"
EndProject
Project("{9A19103F-16F7-4668-BE54-9A1E7A4F7556}") = "Develop03", "prove\Develop03\Develop03.csproj", "{25176ABE-4A1C-476A-8B2E-5099E2740400}"
EndProject
Project("{9A19103F-16F7-4668-BE54-9A1E7A4F7556}") = "Develop04", "prove\Develop04\Develop04.csproj", "{AC88C5F8-19C9-4F72-B2A9-8ECA810E2A36}"
EndProject
Project("{9A19103F-16F7-4668-BE54-9A1E7A4F7556}") = "Develop05", "prove\Develop05\Develop05.csproj", "{7A5AD469-0F8C-4D3C-AFA0-5034A7D08AFB}"
EndProject
Project("{2150E333-8FDC-42A3-9474-1A3956D46DE8}") = "sandbox", "sandbox", "{241F2376-7C60-4937-9A5D-7449346E7766}"
EndProject
Project("{9A19103F-16F7-4668-BE54-9A1E7A4F7556}") = "Sandbox", "sandbox\Sandbox\Sandbox.csproj", "{1F1F58C8-3CD2-4CA5-8A5F-93A71C9ACF43}"
EndProject
Global
	GlobalSection(SolutionConfigurationPlatforms) = preSolution
		Debug|Any CPU = Debug|Any CPU
		Release|Any CPU = Release|Any CPU
	EndGlobalSection
	GlobalSection(ProjectConfigurationPlatforms) = postSolution
		{5977AD0B-0C11-4F41-BFFC-1A9F42B929A3}.Debug|Any CPU.ActiveCfg = Debug|Any CPU
		{5977AD0B-0C11-4F41-BFFC-1A9F42B929A3}.Debug|Any CPU.Build.0 = Debug|Any CPU
		{5977AD0B-0C11-4F41-BFFC-1A9F42B929A3}.Release|Any CPU.ActiveCfg = Release|Any CPU
		{5977AD0B-0C11-4F41-BFFC-1A9F42B929A3}.Release|Any CPU.Build.0 = Release|Any CPU
		{B80233A5-800E-4A97-8D64-BBEBC1880A77}.Debug|Any CPU.ActiveCfg = Debug|Any CPU
		{B80233A5-800E-4A97-8D64-BBEBC1880A77}.Debug|Any CPU.Build.0 = Debug|Any CPU
		{B80233A5-800E-4A97-8D64-BBEBC1880A77}.Release|Any CPU.ActiveCfg = Release|Any CPU
		{B80233A5-800E-4A97-8D64-BBEBC1880A77}.Release|Any CPU.Build.0 = Release|Any CPU
		{40A5A049-3B80-4524-8B92-C1E1F85F99FB}.Debug|Any CPU.ActiveCfg = Debug|Any CPU
		{40A5A049-3B80-4524-8B92-C1E1F85F99FB}.Debug|Any CPU.Build.0 = Debug|Any CPU
		{40A5A049-3B80-4524-8B92-C1E1F85F99FB}.Release|Any CPU.ActiveCfg = Release|Any CPU
		{40A5A049-3B80-4524-8B92-C1E1F85F99FB}.Release|Any CPU.Build.0 = Release|Any CPU
		{29B512EC-F1BF-4EE6-8AE6-4E2B06BF89EB}.Debug|Any CPU.ActiveCfg = Debug|Any CPU
		{29B512EC-F1BF-4EE6-8AE6-4E2B06BF89EB}.Debug|Any CPU.Build.0 = Debug|Any CPU
		{29B512EC-F1BF-4EE6-8AE6-4E2B06BF89EB}.Release|Any CPU.ActiveCfg = Release|Any CPU
		{29B512EC-F1BF-4EE6-8AE6-4E2B06BF89EB}.Release|Any CPU.Build.0 = Release|Any CPU
		{425E9DC1-667A-4C09-A01F-06F13EEE040C}.Debug|Any CPU.ActiveCfg = Debug|Any CPU
		{425E9DC1-667A-4C09-A01F-06F13EEE040C}.Debug|Any CPU.Build.0 = Debug|Any CPU
		{425E9DC1-667A-4C09-A01F-06F13EEE040C}.Release|Any CPU.ActiveCfg = Release|Any CPU
		{425E9DC1-667A-4C09-A01F-06F13EEE040C}.Release|Any CPU.Build.0 = Release|Any CPU
		{116A63BA-5CB0-4A04-9588-AAD84B2BD4BF}.Debug|Any CPU.ActiveCfg = Debug|Any CPU
		{116A63BA-5CB0-4A04-9588-AAD84B2BD4BF}.Debug|Any CPU.Build.0 = Debug|Any CPU
		{116A63BA-5CB0-4A04-9588-AAD84B2BD4BF}.Release|Any CPU.ActiveCfg = Release|Any CPU
		{116A63BA-5CB0-4A04-9588-AAD84B2BD4BF}.Release|Any CPU.Build.0 = Release|Any CPU
		{74F2F76B-621F-4C38-B400-F102A310D03A}.Debug|Any CPU.ActiveCfg = Debug|Any CPU
		{74F2F76B-621F-4C38-B400-F102A310D03A}.Debug|Any CPU.Build.0 = Debug|Any CPU
		{74F2F76B-621F-4C38-B400-F102A310D03A}.Release|Any CPU.ActiveCfg = Release|Any CPU
		{74F2F76B-621F-4C38-B400-F102A310D03A}.Release|Any CPU.Build.0 = Release|Any CPU
		{E9504A0D-BA6A-4A59-87A6-EE9C7822913A}.Debug|Any CPU.ActiveCfg = Debug|Any CPU
		{E9504A0D-BA6A-4A59-87A6-EE9C7822913A}.Debug|Any CPU.Build.0 = Debug|Any CPU
		{E9504A0D-BA6A-4A59-87A6-EE9C7822913A}.Release|Any CPU.ActiveCfg = Release|Any CPU
		{E9504A0D-BA6A-4A59-87A6-EE9C7822913A}.Release|Any CPU.Build.0 = Release|Any CPU
		{4FCC4A86-21DF-49D7-9B82-BDDA2EF5B39B}.Debug|Any CPU.ActiveCfg = Debug|Any CPU
		{4FCC4A86-21DF-49D7-9B82-BDDA2EF5B39B}.Debug|Any CPU.Build.0 = Debug|Any CPU
		{4FCC4A86-21DF-49D7-9B82-BDDA2EF5B39B}.Release|Any CPU.ActiveCfg = Release|Any CPU
		{4FCC4A86-21DF-49D7-9B82-BDDA2EF5B39B}.Release|Any CPU.Build.0 = Release|Any CPU
		{F4B872AA-181D-4AF1-A263-3EC83A1FD7EF}.Debug|Any CPU.ActiveCfg = Debug|Any CPU
		{F4B872AA-181D-4AF1-A263-3EC83A1FD7EF}.Debug|Any CPU.Build.0 = Debug|Any CPU
		{F4B872AA-181D-4AF1-A263-3EC83A1FD7EF}.Release|Any CPU.ActiveCfg = Release|Any CPU
		{F4B872AA-181D-4AF1-A263-3EC83A1FD7EF}.Release|Any CPU.Build.0 = Release|Any CPU
		{130736E4-8604-47C3-A938-B6EDD2766971}.Debug|Any CPU.ActiveCfg = Debug|Any CPU
		{130736E4-8604-47C3-A938-B6EDD2766971}.Debug|Any CPU.Build.0 = Debug|Any CPU
		{130736E4-8604-47C3-A938-B6EDD2766971}.Release|Any CPU.ActiveCfg = Release|Any CPU
		{130736E4-8604-47C3-A938-B6EDD2766971}.Release|Any CPU.Build.0 = Release|Any CPU
		{F1F98F83-518F-4718-A077-7E3D28E84B4B}.Debug|Any CPU.ActiveCfg = Debug|Any CPU
		{F1F98F83-518F-4718-A077-7E3D28E84B4B}.Debug|Any CPU.Build.0 = Debug|Any CPU
		{F1F98F83-518F-4718-A077-7E3D28E84B4B}.Release|Any CPU.ActiveCfg = Release|Any CPU
		{F1F98F83-518F-4718-A077-7E3D28E84B4B}.Release|Any CPU.Build.0 = Release|Any CPU
		{15D407C7-7FAA-4AEF-AB6A-ADB015656C10}.Debug|Any CPU.ActiveCfg = Debug|Any CPU
		{15D407C7-7FAA-4AEF-AB6A-ADB015656C10}.Debug|Any CPU.Build.0 = Debug|Any CPU
		{15D407C7-7FAA-4AEF-AB6A-ADB015656C10}.Release|Any CPU.ActiveCfg = Release|Any CPU
		{15D407C7-7FAA-4AEF-AB6A-ADB015656C10}.Release|Any CPU.Build.0 = Release|Any CPU
		{BD53E4F1-F8F3-4791-B265-CAB096DD9AAB}.Debug|Any CPU.ActiveCfg = Debug|Any CPU
		{BD53E4F1-F8F3-4791-B265-CAB096DD9AAB}.Debug|Any CPU.Build.0 = Debug|Any CPU
		{BD53E4F1-F8F3-4791-B265-CAB096DD9AAB}.Release|Any CPU.ActiveCfg = Release|Any CPU
		{BD53E4F1-F8F3-4791-B265-CAB096DD9AAB}.Release|Any CPU.Build.0 = Release|Any CPU
		{76CD190D-0AD6-4539-9290-0E54FCB204A0}.Debug|Any CPU.ActiveCfg = Debug|Any CPU
		{76CD190D-0AD6-4539-9290-0E54FCB204A0}.Debug|Any CPU.Build.0 = Debug|Any CPU
		{76CD190D-0AD6-4539-9290-0E54FCB204A0}.Release|Any CPU.ActiveCfg = Release|Any CPU
		{76CD190D-0AD6-4539-9290-0E54FCB204A0}.Release|Any CPU.Build.0 = Release|Any CPU
		{25176ABE-4A1C-476A-8B2E-5099E2740400}.Debug|Any CPU.ActiveCfg = Debug|Any CPU
		{25176ABE-4A1C-476A-8B2E-5099E2740400}.Debug|Any CPU.Build.0 = Debug|Any CPU
		{25176ABE-4A1C-476A-8B2E-5099E2740400}.Release|Any CPU.ActiveCfg = Release|Any CPU
		{25176ABE-4A1C-476A-8B2E-5099E2740400}.Release|Any CPU.Build.0 = Release|Any CPU
		{AC88C5F8-19C9-4F72-B2A9-8ECA810E2A36}.Debug|Any CPU.ActiveCfg = Debug|Any CPU
		{AC88C5F8-19C9-4F72-B2A9-8ECA810E2A36}.Debug|Any CPU.Build.0 = Debug|Any CPU
		{AC88C5F8-19C9-4F72-B2A9-8ECA810E2A36}.Release|Any CPU.ActiveCfg = Release|Any CPU
		{AC88C5F8-19C9-4F72-B2A9-8ECA810E2A36}.Release|Any CPU.Build.0 = Release|Any CPU
		{7A5AD469-0F8C-4D3C-AFA0-5034A7D08AFB}.Debug|Any CPU.ActiveCfg = Debug|Any CPU
		{7A5AD469-0F8C-4D3C-AFA0-5034A7D08AFB}.Debug|Any CPU.Build.0 = Debug|Any CPU
		{7A5AD469-0F8C-4D3C-AFA0-5034A7D08AFB}.Release|Any CPU.ActiveCfg = Release|Any CPU
		{7A5AD469-0F8C-4D3C-AFA0-5034A7D08AFB}.Release|Any CPU.Build.0 = Release|Any CPU
		{1F1F58C8-3CD2-4CA5-8A5F-93A71C9ACF43}.Debug|Any CPU.ActiveCfg = Debug|Any CPU
		{1F1F58C8-3CD2-4CA5-8A5F-93A71C9ACF43}.Debug|Any CPU.Build.0 = Debug|Any CPU
		{1F1F58C8-3CD2-4CA5-8A5F-93A71C9ACF43}.Release|Any CPU.ActiveCfg = Release|Any CPU
		{1F1F58C8-3CD2-4CA5-8A5F-93A71C9ACF43}.Release|Any CPU.Build.0 = Release|Any CPU
	EndGlobalSection
	GlobalSection(SolutionProperties) = preSolution
		HideSolutionNode = FALSE
	EndGlobalSection
	GlobalSection(NestedProjects) = preSolution
		{5977AD0B-0C11-4F41-BFFC-1A9F42B929A3} = {1CE0E7BB-A5E6-4711-A67A-309BAC785E83}
		{B80233A5-800E-4A97-8D64-BBEBC1880A77} = {1CE0E7BB-A5E6-4711-A67A-309BAC785E83}
		{40A5A049-3B80-4524-8B92-C1E1F85F99FB} = {1CE0E7BB-A5E6-4711-A67A-309BAC785E83}
		{29B512EC-F1BF-4EE6-8AE6-4E2B06BF89EB} = {1CE0E7BB-A5E6-4711-A67A-309BAC785E83}
		{425E9DC1-667A-4C09-A01F-06F13EEE040C} = {1CE0E7BB-A5E6-4711-A67A-309BAC785E83}
		{116A63BA-5CB0-4A04-9588-AAD84B2BD4BF} = {6F6206A8-E01B-444F-8824-02E5F9A58743}
		{74F2F76B-621F-4C38-B400-F102A310D03A} = {6F6206A8-E01B-444F-8824-02E5F9A58743}
		{E9504A0D-BA6A-4A59-87A6-EE9C7822913A} = {6F6206A8-E01B-444F-8824-02E5F9A58743}
		{4FCC4A86-21DF-49D7-9B82-BDDA2EF5B39B} = {6F6206A8-E01B-444F-8824-02E5F9A58743}
		{F4B872AA-181D-4AF1-A263-3EC83A1FD7EF} = {6F6206A8-E01B-444F-8824-02E5F9A58743}
		{130736E4-8604-47C3-A938-B6EDD2766971} = {DA5F2BFE-43B3-4ACF-B57F-E5ED211CD9F3}
		{F1F98F83-518F-4718-A077-7E3D28E84B4B} = {DA5F2BFE-43B3-4ACF-B57F-E5ED211CD9F3}
		{15D407C7-7FAA-4AEF-AB6A-ADB015656C10} = {DA5F2BFE-43B3-4ACF-B57F-E5ED211CD9F3}
		{BD53E4F1-F8F3-4791-B265-CAB096DD9AAB} = {DA5F2BFE-43B3-4ACF-B57F-E5ED211CD9F3}
		{76CD190D-0AD6-4539-9290-0E54FCB204A0} = {1FA088D2-3965-42AC-ACBB-0A3F99A4EDCA}
		{25176ABE-4A1C-476A-8B2E-5099E2740400} = {1FA088D2-3965-42AC-ACBB-0A3F99A4EDCA}
		{AC88C5F8-19C9-4F72-B2A9-8ECA810E2A36} = {1FA088D2-3965-42AC-ACBB-0A3F99A4EDCA}
		{7A5AD469-0F8C-4D3C-AFA0-5034A7D08AFB} = {1FA088D2-3965-42AC-ACBB-0A3F99A4EDCA}
		{1F1F58C8-3CD2-4CA5-8A5F-93A71C9ACF43} = {241F2376-7C60-4937-9A5D-7449346E7766}
	EndGlobalSection
	GlobalSection(ExtensibilityGlobals) = postSolution
		SolutionGuid = {F8C39D17-F3F9-41FD-88CA-A95C31E61B0B}
	EndGlobalSection
EndGlobal
